
Microsoft Visual Studio Solution File, Format Version 12.00
# Visual Studio Version 16
VisualStudioVersion = 16.0.30907.101
MinimumVisualStudioVersion = 10.0.40219.1
Project("{FAE04EC0-301F-11D3-BF4B-00C04F79EFBC}") = "OOP1", "OOP1\OOP1.csproj", "{AB26774F-B221-4687-938E-975918E666D5}"
EndProject
Project("{FAE04EC0-301F-11D3-BF4B-00C04F79EFBC}") = "Collections", "..\Collections\Collections.csproj", "{06D2A5BD-B396-4601-8BF0-FF068A108539}"
EndProject
Project("{FAE04EC0-301F-11D3-BF4B-00C04F79EFBC}") = "GenericsIntro", "..\GenericsIntro\GenericsIntro.csproj", "{6EF101F6-759D-48F0-AA34-D8CDDC72F32F}"
EndProject
Global
	GlobalSection(SolutionConfigurationPlatforms) = preSolution
		Debug|Any CPU = Debug|Any CPU
		Release|Any CPU = Release|Any CPU
	EndGlobalSection
	GlobalSection(ProjectConfigurationPlatforms) = postSolution
		{AB26774F-B221-4687-938E-975918E666D5}.Debug|Any CPU.ActiveCfg = Debug|Any CPU
		{AB26774F-B221-4687-938E-975918E666D5}.Debug|Any CPU.Build.0 = Debug|Any CPU
		{AB26774F-B221-4687-938E-975918E666D5}.Release|Any CPU.ActiveCfg = Release|Any CPU
		{AB26774F-B221-4687-938E-975918E666D5}.Release|Any CPU.Build.0 = Release|Any CPU
		{06D2A5BD-B396-4601-8BF0-FF068A108539}.Debug|Any CPU.ActiveCfg = Debug|Any CPU
		{06D2A5BD-B396-4601-8BF0-FF068A108539}.Debug|Any CPU.Build.0 = Debug|Any CPU
		{06D2A5BD-B396-4601-8BF0-FF068A108539}.Release|Any CPU.ActiveCfg = Release|Any CPU
		{06D2A5BD-B396-4601-8BF0-FF068A108539}.Release|Any CPU.Build.0 = Release|Any CPU
		{6EF101F6-759D-48F0-AA34-D8CDDC72F32F}.Debug|Any CPU.ActiveCfg = Debug|Any CPU
		{6EF101F6-759D-48F0-AA34-D8CDDC72F32F}.Debug|Any CPU.Build.0 = Debug|Any CPU
		{6EF101F6-759D-48F0-AA34-D8CDDC72F32F}.Release|Any CPU.ActiveCfg = Release|Any CPU
		{6EF101F6-759D-48F0-AA34-D8CDDC72F32F}.Release|Any CPU.Build.0 = Release|Any CPU
	EndGlobalSection
	GlobalSection(SolutionProperties) = preSolution
		HideSolutionNode = FALSE
	EndGlobalSection
	GlobalSection(ExtensibilityGlobals) = postSolution
		SolutionGuid = {B07BBFC1-AC76-4862-91B2-DCB3BEFA9186}
	EndGlobalSection
EndGlobal
