
Microsoft Visual Studio Solution File, Format Version 12.00
# Visual Studio Version 16
VisualStudioVersion = 16.0.31005.135
MinimumVisualStudioVersion = 10.0.40219.1
Project("{9A19103F-16F7-4668-BE54-9A1E7A4F7556}") = "Entities", "Entities\Entities.csproj", "{FB807E1B-5569-4B4F-9B02-A07A29CEB7EA}"
EndProject
Project("{9A19103F-16F7-4668-BE54-9A1E7A4F7556}") = "DataAccess", "DataAccess\DataAccess.csproj", "{3E5A4DCD-1A92-4C57-9480-16E4E35FA8EE}"
EndProject
Project("{9A19103F-16F7-4668-BE54-9A1E7A4F7556}") = "Business", "Business\Business.csproj", "{B3C01EE6-E399-48E3-89DA-5037FF27BE94}"
EndProject
Project("{9A19103F-16F7-4668-BE54-9A1E7A4F7556}") = "ConsoleUI", "ConsoleUI\ConsoleUI.csproj", "{DF1955B9-B8F9-4018-BC08-48CEAA84A0B7}"
EndProject
Global
	GlobalSection(SolutionConfigurationPlatforms) = preSolution
		Debug|Any CPU = Debug|Any CPU
		Release|Any CPU = Release|Any CPU
	EndGlobalSection
	GlobalSection(ProjectConfigurationPlatforms) = postSolution
		{FB807E1B-5569-4B4F-9B02-A07A29CEB7EA}.Debug|Any CPU.ActiveCfg = Debug|Any CPU
		{FB807E1B-5569-4B4F-9B02-A07A29CEB7EA}.Debug|Any CPU.Build.0 = Debug|Any CPU
		{FB807E1B-5569-4B4F-9B02-A07A29CEB7EA}.Release|Any CPU.ActiveCfg = Release|Any CPU
		{FB807E1B-5569-4B4F-9B02-A07A29CEB7EA}.Release|Any CPU.Build.0 = Release|Any CPU
		{3E5A4DCD-1A92-4C57-9480-16E4E35FA8EE}.Debug|Any CPU.ActiveCfg = Debug|Any CPU
		{3E5A4DCD-1A92-4C57-9480-16E4E35FA8EE}.Debug|Any CPU.Build.0 = Debug|Any CPU
		{3E5A4DCD-1A92-4C57-9480-16E4E35FA8EE}.Release|Any CPU.ActiveCfg = Release|Any CPU
		{3E5A4DCD-1A92-4C57-9480-16E4E35FA8EE}.Release|Any CPU.Build.0 = Release|Any CPU
		{B3C01EE6-E399-48E3-89DA-5037FF27BE94}.Debug|Any CPU.ActiveCfg = Debug|Any CPU
		{B3C01EE6-E399-48E3-89DA-5037FF27BE94}.Debug|Any CPU.Build.0 = Debug|Any CPU
		{B3C01EE6-E399-48E3-89DA-5037FF27BE94}.Release|Any CPU.ActiveCfg = Release|Any CPU
		{B3C01EE6-E399-48E3-89DA-5037FF27BE94}.Release|Any CPU.Build.0 = Release|Any CPU
		{DF1955B9-B8F9-4018-BC08-48CEAA84A0B7}.Debug|Any CPU.ActiveCfg = Debug|Any CPU
		{DF1955B9-B8F9-4018-BC08-48CEAA84A0B7}.Debug|Any CPU.Build.0 = Debug|Any CPU
		{DF1955B9-B8F9-4018-BC08-48CEAA84A0B7}.Release|Any CPU.ActiveCfg = Release|Any CPU
		{DF1955B9-B8F9-4018-BC08-48CEAA84A0B7}.Release|Any CPU.Build.0 = Release|Any CPU
	EndGlobalSection
	GlobalSection(SolutionProperties) = preSolution
		HideSolutionNode = FALSE
	EndGlobalSection
	GlobalSection(ExtensibilityGlobals) = postSolution
		SolutionGuid = {4B862A80-F85C-44DB-B40F-92ABC5AE3740}
	EndGlobalSection
EndGlobal
