
Microsoft Visual Studio Solution File, Format Version 12.00
# Visual Studio Version 16
VisualStudioVersion = 16.0.30907.101
MinimumVisualStudioVersion = 10.0.40219.1
Project("{FAE04EC0-301F-11D3-BF4B-00C04F79EFBC}") = "Metotlar", "Metotlar\Metotlar.csproj", "{45A3156E-C3DF-4CFD-90E3-AC1B2FF17975}"
EndProject
Project("{FAE04EC0-301F-11D3-BF4B-00C04F79EFBC}") = "Matematik", "Matematik\Matematik.csproj", "{F95B60ED-09BE-4573-9222-FF78C46D0378}"
EndProject
Project("{FAE04EC0-301F-11D3-BF4B-00C04F79EFBC}") = "DegerVeReferansTipler", "DegerVeReferansTipler\DegerVeReferansTipler.csproj", "{89B65F30-E0C8-4A8A-8BF3-3956EFA1CB97}"
EndProject
Global
	GlobalSection(SolutionConfigurationPlatforms) = preSolution
		Debug|Any CPU = Debug|Any CPU
		Release|Any CPU = Release|Any CPU
	EndGlobalSection
	GlobalSection(ProjectConfigurationPlatforms) = postSolution
		{45A3156E-C3DF-4CFD-90E3-AC1B2FF17975}.Debug|Any CPU.ActiveCfg = Debug|Any CPU
		{45A3156E-C3DF-4CFD-90E3-AC1B2FF17975}.Debug|Any CPU.Build.0 = Debug|Any CPU
		{45A3156E-C3DF-4CFD-90E3-AC1B2FF17975}.Release|Any CPU.ActiveCfg = Release|Any CPU
		{45A3156E-C3DF-4CFD-90E3-AC1B2FF17975}.Release|Any CPU.Build.0 = Release|Any CPU
		{F95B60ED-09BE-4573-9222-FF78C46D0378}.Debug|Any CPU.ActiveCfg = Debug|Any CPU
		{F95B60ED-09BE-4573-9222-FF78C46D0378}.Debug|Any CPU.Build.0 = Debug|Any CPU
		{F95B60ED-09BE-4573-9222-FF78C46D0378}.Release|Any CPU.ActiveCfg = Release|Any CPU
		{F95B60ED-09BE-4573-9222-FF78C46D0378}.Release|Any CPU.Build.0 = Release|Any CPU
		{89B65F30-E0C8-4A8A-8BF3-3956EFA1CB97}.Debug|Any CPU.ActiveCfg = Debug|Any CPU
		{89B65F30-E0C8-4A8A-8BF3-3956EFA1CB97}.Debug|Any CPU.Build.0 = Debug|Any CPU
		{89B65F30-E0C8-4A8A-8BF3-3956EFA1CB97}.Release|Any CPU.ActiveCfg = Release|Any CPU
		{89B65F30-E0C8-4A8A-8BF3-3956EFA1CB97}.Release|Any CPU.Build.0 = Release|Any CPU
	EndGlobalSection
	GlobalSection(SolutionProperties) = preSolution
		HideSolutionNode = FALSE
	EndGlobalSection
	GlobalSection(ExtensibilityGlobals) = postSolution
		SolutionGuid = {4DF6AEEC-FDC1-406D-88AC-A3B630B9F5A9}
	EndGlobalSection
EndGlobal
